
Microsoft Visual Studio Solution File, Format Version 12.00
# Visual Studio Version 16
VisualStudioVersion = 16.0.31729.503
MinimumVisualStudioVersion = 10.0.40219.1
Project("{FAE04EC0-301F-11D3-BF4B-00C04F79EFBC}") = "Contact Tracing Form Viewer", "Contact Tracing Form Viewer\Contact Tracing Form Viewer.csproj", "{F61779EF-3866-4EF7-A9F6-ABB474D624CD}"
EndProject
Global
	GlobalSection(SolutionConfigurationPlatforms) = preSolution
		Debug|Any CPU = Debug|Any CPU
		Release|Any CPU = Release|Any CPU
	EndGlobalSection
	GlobalSection(ProjectConfigurationPlatforms) = postSolution
		{F61779EF-3866-4EF7-A9F6-ABB474D624CD}.Debug|Any CPU.ActiveCfg = Debug|Any CPU
		{F61779EF-3866-4EF7-A9F6-ABB474D624CD}.Debug|Any CPU.Build.0 = Debug|Any CPU
		{F61779EF-3866-4EF7-A9F6-ABB474D624CD}.Release|Any CPU.ActiveCfg = Release|Any CPU
		{F61779EF-3866-4EF7-A9F6-ABB474D624CD}.Release|Any CPU.Build.0 = Release|Any CPU
	EndGlobalSection
	GlobalSection(SolutionProperties) = preSolution
		HideSolutionNode = FALSE
	EndGlobalSection
	GlobalSection(ExtensibilityGlobals) = postSolution
		SolutionGuid = {A06A4710-56FE-40E4-8EAB-3F5E75146E50}
	EndGlobalSection
EndGlobal
